
Microsoft Visual Studio Solution File, Format Version 12.00
# Visual Studio Version 17
VisualStudioVersion = 17.7.34024.191
MinimumVisualStudioVersion = 10.0.40219.1
Project("{FAE04EC0-301F-11D3-BF4B-00C04F79EFBC}") = "HelloWorld2", "HelloWorld2\HelloWorld2.csproj", "{855A69EB-5E0A-461C-8A41-17FAED09A9EE}"
EndProject
Global
	GlobalSection(SolutionConfigurationPlatforms) = preSolution
		Debug|Any CPU = Debug|Any CPU
		Release|Any CPU = Release|Any CPU
	EndGlobalSection
	GlobalSection(ProjectConfigurationPlatforms) = postSolution
		{855A69EB-5E0A-461C-8A41-17FAED09A9EE}.Debug|Any CPU.ActiveCfg = Debug|Any CPU
		{855A69EB-5E0A-461C-8A41-17FAED09A9EE}.Debug|Any CPU.Build.0 = Debug|Any CPU
		{855A69EB-5E0A-461C-8A41-17FAED09A9EE}.Release|Any CPU.ActiveCfg = Release|Any CPU
		{855A69EB-5E0A-461C-8A41-17FAED09A9EE}.Release|Any CPU.Build.0 = Release|Any CPU
	EndGlobalSection
	GlobalSection(SolutionProperties) = preSolution
		HideSolutionNode = FALSE
	EndGlobalSection
	GlobalSection(ExtensibilityGlobals) = postSolution
		SolutionGuid = {A27509BB-9FD6-4474-B096-974DD3B35F9F}
	EndGlobalSection
EndGlobal
